
Microsoft Visual Studio Solution File, Format Version 12.00
# Visual Studio Version 16
VisualStudioVersion = 16.0.31105.61
MinimumVisualStudioVersion = 10.0.40219.1
Project("{8BC9CEB8-8B4A-11D0-8D11-00A0C91BC942}") = "Task2 arseniy", "Task2 arseniy\Task2 arseniy.vcxproj", "{4843B93A-7B54-4DD0-9894-76969E435640}"
EndProject
Project("{8BC9CEB8-8B4A-11D0-8D11-00A0C91BC942}") = "Task№3", "..\Task№3\Task№3.vcxproj", "{902B2BE3-3B6D-426F-A983-A7C5D18ECB4C}"
EndProject
Global
	GlobalSection(SolutionConfigurationPlatforms) = preSolution
		Debug|x64 = Debug|x64
		Debug|x86 = Debug|x86
		Release|x64 = Release|x64
		Release|x86 = Release|x86
	EndGlobalSection
	GlobalSection(ProjectConfigurationPlatforms) = postSolution
		{4843B93A-7B54-4DD0-9894-76969E435640}.Debug|x64.ActiveCfg = Debug|x64
		{4843B93A-7B54-4DD0-9894-76969E435640}.Debug|x64.Build.0 = Debug|x64
		{4843B93A-7B54-4DD0-9894-76969E435640}.Debug|x86.ActiveCfg = Debug|Win32
		{4843B93A-7B54-4DD0-9894-76969E435640}.Debug|x86.Build.0 = Debug|Win32
		{4843B93A-7B54-4DD0-9894-76969E435640}.Release|x64.ActiveCfg = Release|x64
		{4843B93A-7B54-4DD0-9894-76969E435640}.Release|x64.Build.0 = Release|x64
		{4843B93A-7B54-4DD0-9894-76969E435640}.Release|x86.ActiveCfg = Release|Win32
		{4843B93A-7B54-4DD0-9894-76969E435640}.Release|x86.Build.0 = Release|Win32
		{902B2BE3-3B6D-426F-A983-A7C5D18ECB4C}.Debug|x64.ActiveCfg = Debug|x64
		{902B2BE3-3B6D-426F-A983-A7C5D18ECB4C}.Debug|x64.Build.0 = Debug|x64
		{902B2BE3-3B6D-426F-A983-A7C5D18ECB4C}.Debug|x86.ActiveCfg = Debug|Win32
		{902B2BE3-3B6D-426F-A983-A7C5D18ECB4C}.Debug|x86.Build.0 = Debug|Win32
		{902B2BE3-3B6D-426F-A983-A7C5D18ECB4C}.Release|x64.ActiveCfg = Release|x64
		{902B2BE3-3B6D-426F-A983-A7C5D18ECB4C}.Release|x64.Build.0 = Release|x64
		{902B2BE3-3B6D-426F-A983-A7C5D18ECB4C}.Release|x86.ActiveCfg = Release|Win32
		{902B2BE3-3B6D-426F-A983-A7C5D18ECB4C}.Release|x86.Build.0 = Release|Win32
	EndGlobalSection
	GlobalSection(SolutionProperties) = preSolution
		HideSolutionNode = FALSE
	EndGlobalSection
	GlobalSection(ExtensibilityGlobals) = postSolution
		SolutionGuid = {6183AEF5-FD32-49A0-A740-D845E21435FF}
	EndGlobalSection
EndGlobal
